PODS:
  - WAAiHelpImpl_CN (2.8.0):
    - WASdkImpl_CN
    - WASdkIntf_CN
  - WAApImpl_CN (2.6.0):
    - WASdkImpl_CN
    - WASdkIntf_CN
  - WAApwImpl_CN (2.1.0):
    - WASdkImpl_CN
    - WASdkIntf_CN
  - WAQQImpl_CN (2.8.0)
  - WASdkImpl_CN (2.8.0):
    - WASdkIntf_CN
  - WASdkIntf_CN (2.8.0)
  - WAWebPayImpl_CN (2.8.0):
    - WASdkImpl_CN
    - WASdkIntf_CN
  - WAWechatImpl_CN (2.8.0):
    - WASdkImpl_CN
    - WASdkIntf_CN

DEPENDENCIES:
  - WAAiHelpImpl_CN
  - WAApImpl_CN
  - WAApwImpl_CN
  - WAQQImpl_CN
  - WASdkImpl_CN
  - WASdkIntf_CN
  - WAWebPayImpl_CN
  - WAWechatImpl_CN

SPEC REPOS:
  http://repo.wingsdk.cn:8082/r/WAAiHelpImpl_CN.git:
    - WAAiHelpImpl_CN
  http://repo.wingsdk.cn:8082/r/WAApImpl_CN.git:
    - WAApImpl_CN
  http://repo.wingsdk.cn:8082/r/WAApwImpl_CN.git:
    - WAApwImpl_CN
  http://repo.wingsdk.cn:8082/r/WAQQImpl_CN.git:
    - WAQQImpl_CN
  http://repo.wingsdk.cn:8082/r/WASdkImpl_CN.git:
    - WASdkImpl_CN
  http://repo.wingsdk.cn:8082/r/WASdkIntf_CN.git:
    - WASdkIntf_CN
  http://repo.wingsdk.cn:8082/r/WAWebPayImpl_CN.git:
    - WAWebPayImpl_CN
  http://repo.wingsdk.cn:8082/r/WAWechatImpl_CN.git:
    - WAWechatImpl_CN

SPEC CHECKSUMS:
  WAAiHelpImpl_CN: c6f84087d11c66e7a3feba251349830a2868a723
  WAApImpl_CN: 2f268620804d18811894a2c746982fcafc029b45
  WAApwImpl_CN: fbbea887a06a6a5abcda3977f6b3e3e58ffb9484
  WAQQImpl_CN: 2c13230e29b0beff0c37e4582a2a15417c7d08b7
  WASdkImpl_CN: 54160821c34d0c59726904e40b275af007010f57
  WASdkIntf_CN: 8e19d789951fad41a2ae5f8e0651a7280990c11f
  WAWebPayImpl_CN: 4662b2c6fd98f656234c797aa62be2ef7b3b9eb0
  WAWechatImpl_CN: f2fcd8733b9d7716851e38fde10c388251d09e45

PODFILE CHECKSUM: 86d30fd86c0a7070cee0b4ef170a9b943b99bdf2

COCOAPODS: 1.11.3
