// !$*UTF8*$!
{
	archiveVersion = 1;
	classes = {
	};
	objectVersion = 46;
	objects = {

/* Begin PBXBuildFile section */
		3651BAF41DFFE0D6002B955C /* WADemoAppTrackingView.m in Sources */ = {isa = PBXBuildFile; fileRef = 3651BAED1DFFE0D6002B955C /* WADemoAppTrackingView.m */; };
		3651BAF51DFFE0D7002B955C /* WADemoEventData.m in Sources */ = {isa = PBXBuildFile; fileRef = 3651BAEF1DFFE0D6002B955C /* WADemoEventData.m */; };
		3651BAF61DFFE0D7002B955C /* WADemoEventParam.m in Sources */ = {isa = PBXBuildFile; fileRef = 3651BAF11DFFE0D6002B955C /* WADemoEventParam.m */; };
		3651BAF71DFFE0D7002B955C /* WADemoSendEventView.m in Sources */ = {isa = PBXBuildFile; fileRef = 3651BAF31DFFE0D6002B955C /* WADemoSendEventView.m */; };
		36F6FBB31CD3092800EB0DBC /* WADemoPayView.m in Sources */ = {isa = PBXBuildFile; fileRef = 36F6FBB21CD3092800EB0DBC /* WADemoPayView.m */; };
		36FEA53B1D990322000B300D /* WADemoCNMainUI.m in Sources */ = {isa = PBXBuildFile; fileRef = 36FEA53A1D990322000B300D /* WADemoCNMainUI.m */; };
		7FA55E781D332BC400341D7A /* WADemoInvite.m in Sources */ = {isa = PBXBuildFile; fileRef = 7FA55E771D332BC400341D7A /* WADemoInvite.m */; };
		7FA55E7B1D33310E00341D7A /* WADemoVKInviteView.m in Sources */ = {isa = PBXBuildFile; fileRef = 7FA55E7A1D33310E00341D7A /* WADemoVKInviteView.m */; };
		7FA55E7E1D333F8800341D7A /* WADemoVKFriendList.m in Sources */ = {isa = PBXBuildFile; fileRef = 7FA55E7D1D333F8800341D7A /* WADemoVKFriendList.m */; };
		7FA55E8B1D338C1000341D7A /* WADemoGroupCell.m in Sources */ = {isa = PBXBuildFile; fileRef = 7FA55E8A1D338C1000341D7A /* WADemoGroupCell.m */; };
		7FA55E8E1D338EC300341D7A /* WADemoGroups.m in Sources */ = {isa = PBXBuildFile; fileRef = 7FA55E8D1D338EC300341D7A /* WADemoGroups.m */; };
		7FAF3DBB1D3CC67000CC9A48 /* WADemoGiftView.m in Sources */ = {isa = PBXBuildFile; fileRef = 7FAF3DBA1D3CC67000CC9A48 /* WADemoGiftView.m */; };
		7FAF3DBE1D3CCBBD00CC9A48 /* WADemoVKGiftView.m in Sources */ = {isa = PBXBuildFile; fileRef = 7FAF3DBD1D3CCBBD00CC9A48 /* WADemoVKGiftView.m */; };
		7FC4E2BA1C8EEE7C0075FC7D /* main.m in Sources */ = {isa = PBXBuildFile; fileRef = 7FC4E2B91C8EEE7C0075FC7D /* main.m */; };
		7FC4E2C31C8EEE7C0075FC7D /* Main.storyboard in Resources */ = {isa = PBXBuildFile; fileRef = 7FC4E2C11C8EEE7C0075FC7D /* Main.storyboard */; };
		7FC4E2C51C8EEE7C0075FC7D /* Assets.xcassets in Resources */ = {isa = PBXBuildFile; fileRef = 7FC4E2C41C8EEE7C0075FC7D /* Assets.xcassets */; };
		7FC4E2C81C8EEE7C0075FC7D /* LaunchScreen.storyboard in Resources */ = {isa = PBXBuildFile; fileRef = 7FC4E2C61C8EEE7C0075FC7D /* LaunchScreen.storyboard */; };
		7FC4E2D31C8EEE7C0075FC7D /* WADemocnUITests.m in Sources */ = {isa = PBXBuildFile; fileRef = 7FC4E2D21C8EEE7C0075FC7D /* WADemocnUITests.m */; };
		7FC4E3381C8EEF3F0075FC7D /* WADemoAccountManagement.m in Sources */ = {isa = PBXBuildFile; fileRef = 7FC4E2DF1C8EEF3F0075FC7D /* WADemoAccountManagement.m */; };
		7FC4E3391C8EEF3F0075FC7D /* WADemoAccountSwitch.m in Sources */ = {isa = PBXBuildFile; fileRef = 7FC4E2E11C8EEF3F0075FC7D /* WADemoAccountSwitch.m */; };
		7FC4E33A1C8EEF3F0075FC7D /* WADemoBindingAccountList.m in Sources */ = {isa = PBXBuildFile; fileRef = 7FC4E2E31C8EEF3F0075FC7D /* WADemoBindingAccountList.m */; };
		7FC4E3441C8EEF3F0075FC7D /* WADemoHotUpdateView.m in Sources */ = {isa = PBXBuildFile; fileRef = 7FC4E2F71C8EEF3F0075FC7D /* WADemoHotUpdateView.m */; };
		7FC4E3451C8EEF3F0075FC7D /* WADemoIapView.m in Sources */ = {isa = PBXBuildFile; fileRef = 7FC4E2FA1C8EEF3F0075FC7D /* WADemoIapView.m */; };
		7FC4E3461C8EEF3F0075FC7D /* WADemoProductList.m in Sources */ = {isa = PBXBuildFile; fileRef = 7FC4E2FC1C8EEF3F0075FC7D /* WADemoProductList.m */; };
		7FC4E3471C8EEF3F0075FC7D /* WADemoLoginUI.m in Sources */ = {isa = PBXBuildFile; fileRef = 7FC4E2FF1C8EEF3F0075FC7D /* WADemoLoginUI.m */; };
		7FC4E3481C8EEF3F0075FC7D /* WADemoFriendInGameTV.m in Sources */ = {isa = PBXBuildFile; fileRef = 7FC4E3041C8EEF3F0075FC7D /* WADemoFriendInGameTV.m */; };
		7FC4E3491C8EEF3F0075FC7D /* WADemoFriendListForSendingAsking.m in Sources */ = {isa = PBXBuildFile; fileRef = 7FC4E3071C8EEF3F0075FC7D /* WADemoFriendListForSendingAsking.m */; };
		7FC4E34A1C8EEF3F0075FC7D /* WADemoGiftList.m in Sources */ = {isa = PBXBuildFile; fileRef = 7FC4E3091C8EEF3F0075FC7D /* WADemoGiftList.m */; };
		7FC4E34B1C8EEF3F0075FC7D /* WADemoGiftListTVC.m in Sources */ = {isa = PBXBuildFile; fileRef = 7FC4E30B1C8EEF3F0075FC7D /* WADemoGiftListTVC.m */; };
		7FC4E34C1C8EEF3F0075FC7D /* WADemoGiftListView.m in Sources */ = {isa = PBXBuildFile; fileRef = 7FC4E30D1C8EEF3F0075FC7D /* WADemoGiftListView.m */; };
		7FC4E34D1C8EEF3F0075FC7D /* WADemoGiftBoxTV.m in Sources */ = {isa = PBXBuildFile; fileRef = 7FC4E3101C8EEF3F0075FC7D /* WADemoGiftBoxTV.m */; };
		7FC4E34E1C8EEF3F0075FC7D /* WADemoGiftRequestView.m in Sources */ = {isa = PBXBuildFile; fileRef = 7FC4E3121C8EEF3F0075FC7D /* WADemoGiftRequestView.m */; };
		7FC4E3501C8EEF3F0075FC7D /* WADemoFBGiftView.m in Sources */ = {isa = PBXBuildFile; fileRef = 7FC4E3161C8EEF3F0075FC7D /* WADemoFBGiftView.m */; };
		7FC4E3511C8EEF3F0075FC7D /* WADemoFBInviteView.m in Sources */ = {isa = PBXBuildFile; fileRef = 7FC4E3191C8EEF3F0075FC7D /* WADemoFBInviteView.m */; };
		7FC4E3521C8EEF3F0075FC7D /* WADemoFriendListTV.m in Sources */ = {isa = PBXBuildFile; fileRef = 7FC4E31B1C8EEF3F0075FC7D /* WADemoFriendListTV.m */; };
		7FC4E3531C8EEF3F0075FC7D /* WADemoFBShareView.m in Sources */ = {isa = PBXBuildFile; fileRef = 7FC4E31E1C8EEF3F0075FC7D /* WADemoFBShareView.m */; };
		7FC4E3551C8EEF3F0075FC7D /* WADemoAlertView.m in Sources */ = {isa = PBXBuildFile; fileRef = 7FC4E3221C8EEF3F0075FC7D /* WADemoAlertView.m */; };
		7FC4E3561C8EEF3F0075FC7D /* WADemoButtonMain.m in Sources */ = {isa = PBXBuildFile; fileRef = 7FC4E3241C8EEF3F0075FC7D /* WADemoButtonMain.m */; };
		7FC4E3571C8EEF3F0075FC7D /* WADemoButtonSwitch.m in Sources */ = {isa = PBXBuildFile; fileRef = 7FC4E3261C8EEF3F0075FC7D /* WADemoButtonSwitch.m */; };
		7FC4E3581C8EEF3F0075FC7D /* WADemoListTableView.m in Sources */ = {isa = PBXBuildFile; fileRef = 7FC4E3281C8EEF3F0075FC7D /* WADemoListTableView.m */; };
		7FC4E3591C8EEF3F0075FC7D /* WADemoMaskLayer.m in Sources */ = {isa = PBXBuildFile; fileRef = 7FC4E32A1C8EEF3F0075FC7D /* WADemoMaskLayer.m */; };
		7FC4E35A1C8EEF3F0075FC7D /* WADemoNaviView.m in Sources */ = {isa = PBXBuildFile; fileRef = 7FC4E32C1C8EEF3F0075FC7D /* WADemoNaviView.m */; };
		7FC4E35B1C8EEF3F0075FC7D /* WADemoScrollView.m in Sources */ = {isa = PBXBuildFile; fileRef = 7FC4E32E1C8EEF3F0075FC7D /* WADemoScrollView.m */; };
		7FC4E35C1C8EEF3F0075FC7D /* WADemoUtil.m in Sources */ = {isa = PBXBuildFile; fileRef = 7FC4E3311C8EEF3F0075FC7D /* WADemoUtil.m */; };
		7FC4E35D1C8EEF3F0075FC7D /* WADemoAppDelegate.m in Sources */ = {isa = PBXBuildFile; fileRef = 7FC4E3331C8EEF3F0075FC7D /* WADemoAppDelegate.m */; };
		7FC4E35F1C8EEF3F0075FC7D /* WADemoViewController.m in Sources */ = {isa = PBXBuildFile; fileRef = 7FC4E3371C8EEF3F0075FC7D /* WADemoViewController.m */; };
		7FC4E37C1C8EF0310075FC7D /* Localizable.strings in Resources */ = {isa = PBXBuildFile; fileRef = 7FC4E37A1C8EF0310075FC7D /* Localizable.strings */; };
		B20B9F03234DB83200592386 /* WebKit.framework in Frameworks */ = {isa = PBXBuildFile; fileRef = B20B9F02234DB83200592386 /* WebKit.framework */; };
		D6CD5606E1699BFD0382E7D0 /* libPods-WADemocn.a in Frameworks */ = {isa = PBXBuildFile; fileRef = 104D83C95EE0E45F42E716F2 /* libPods-WADemocn.a */; };
/* End PBXBuildFile section */

/* Begin PBXContainerItemProxy section */
		7FC4E2CF1C8EEE7C0075FC7D /* PBXContainerItemProxy */ = {
			isa = PBXContainerItemProxy;
			containerPortal = 7FC4E2AD1C8EEE7C0075FC7D /* Project object */;
			proxyType = 1;
			remoteGlobalIDString = 7FC4E2B41C8EEE7C0075FC7D;
			remoteInfo = WADemo;
		};
/* End PBXContainerItemProxy section */

/* Begin PBXFileReference section */
		104D83C95EE0E45F42E716F2 /* libPods-WADemocn.a */ = {isa = PBXFileReference; explicitFileType = archive.ar; includeInIndex = 0; path = "libPods-WADemocn.a"; sourceTree = BUILT_PRODUCTS_DIR; };
		3651BAEC1DFFE0D6002B955C /* WADemoAppTrackingView.h */ = {isa = PBXFileReference; fileEncoding = 4; lastKnownFileType = sourcecode.c.h; path = WADemoAppTrackingView.h; sourceTree = "<group>"; };
		3651BAED1DFFE0D6002B955C /* WADemoAppTrackingView.m */ = {isa = PBXFileReference; fileEncoding = 4; lastKnownFileType = sourcecode.c.objc; path = WADemoAppTrackingView.m; sourceTree = "<group>"; };
		3651BAEE1DFFE0D6002B955C /* WADemoEventData.h */ = {isa = PBXFileReference; fileEncoding = 4; lastKnownFileType = sourcecode.c.h; path = WADemoEventData.h; sourceTree = "<group>"; };
		3651BAEF1DFFE0D6002B955C /* WADemoEventData.m */ = {isa = PBXFileReference; fileEncoding = 4; lastKnownFileType = sourcecode.c.objc; path = WADemoEventData.m; sourceTree = "<group>"; };
		3651BAF01DFFE0D6002B955C /* WADemoEventParam.h */ = {isa = PBXFileReference; fileEncoding = 4; lastKnownFileType = sourcecode.c.h; path = WADemoEventParam.h; sourceTree = "<group>"; };
		3651BAF11DFFE0D6002B955C /* WADemoEventParam.m */ = {isa = PBXFileReference; fileEncoding = 4; lastKnownFileType = sourcecode.c.objc; path = WADemoEventParam.m; sourceTree = "<group>"; };
		3651BAF21DFFE0D6002B955C /* WADemoSendEventView.h */ = {isa = PBXFileReference; fileEncoding = 4; lastKnownFileType = sourcecode.c.h; path = WADemoSendEventView.h; sourceTree = "<group>"; };
		3651BAF31DFFE0D6002B955C /* WADemoSendEventView.m */ = {isa = PBXFileReference; fileEncoding = 4; lastKnownFileType = sourcecode.c.objc; path = WADemoSendEventView.m; sourceTree = "<group>"; };
		36EF881E1CE2BF5700E7DF11 /* pt-BR */ = {isa = PBXFileReference; lastKnownFileType = text.plist.strings; name = "pt-BR"; path = "pt-BR.lproj/Localizable.strings"; sourceTree = "<group>"; };
		36F6FBB11CD3092800EB0DBC /* WADemoPayView.h */ = {isa = PBXFileReference; fileEncoding = 4; lastKnownFileType = sourcecode.c.h; path = WADemoPayView.h; sourceTree = "<group>"; };
		36F6FBB21CD3092800EB0DBC /* WADemoPayView.m */ = {isa = PBXFileReference; fileEncoding = 4; lastKnownFileType = sourcecode.c.objc; path = WADemoPayView.m; sourceTree = "<group>"; };
		36FEA5391D990322000B300D /* WADemoCNMainUI.h */ = {isa = PBXFileReference; fileEncoding = 4; lastKnownFileType = sourcecode.c.h; path = WADemoCNMainUI.h; sourceTree = "<group>"; };
		36FEA53A1D990322000B300D /* WADemoCNMainUI.m */ = {isa = PBXFileReference; fileEncoding = 4; lastKnownFileType = sourcecode.c.objc; path = WADemoCNMainUI.m; sourceTree = "<group>"; };
		3BEADB5D240273F5953F6CA8 /* Pods-WADemocn.debug.xcconfig */ = {isa = PBXFileReference; includeInIndex = 1; lastKnownFileType = text.xcconfig; name = "Pods-WADemocn.debug.xcconfig"; path = "Pods/Target Support Files/Pods-WADemocn/Pods-WADemocn.debug.xcconfig"; sourceTree = "<group>"; };
		7F558AAF1CB609A3001E1A2A /* fr */ = {isa = PBXFileReference; lastKnownFileType = text.plist.strings; name = fr; path = fr.lproj/Main.strings; sourceTree = "<group>"; };
		7F558AB01CB609A3001E1A2A /* fr */ = {isa = PBXFileReference; lastKnownFileType = text.plist.strings; name = fr; path = fr.lproj/LaunchScreen.strings; sourceTree = "<group>"; };
		7F558AB11CB609A4001E1A2A /* fr */ = {isa = PBXFileReference; lastKnownFileType = text.plist.strings; name = fr; path = fr.lproj/Localizable.strings; sourceTree = "<group>"; };
		7FA55E761D332BC400341D7A /* WADemoInvite.h */ = {isa = PBXFileReference; fileEncoding = 4; lastKnownFileType = sourcecode.c.h; path = WADemoInvite.h; sourceTree = "<group>"; };
		7FA55E771D332BC400341D7A /* WADemoInvite.m */ = {isa = PBXFileReference; fileEncoding = 4; lastKnownFileType = sourcecode.c.objc; path = WADemoInvite.m; sourceTree = "<group>"; };
		7FA55E791D33310E00341D7A /* WADemoVKInviteView.h */ = {isa = PBXFileReference; fileEncoding = 4; lastKnownFileType = sourcecode.c.h; path = WADemoVKInviteView.h; sourceTree = "<group>"; };
		7FA55E7A1D33310E00341D7A /* WADemoVKInviteView.m */ = {isa = PBXFileReference; fileEncoding = 4; lastKnownFileType = sourcecode.c.objc; path = WADemoVKInviteView.m; sourceTree = "<group>"; };
		7FA55E7C1D333F8800341D7A /* WADemoVKFriendList.h */ = {isa = PBXFileReference; fileEncoding = 4; lastKnownFileType = sourcecode.c.h; path = WADemoVKFriendList.h; sourceTree = "<group>"; };
		7FA55E7D1D333F8800341D7A /* WADemoVKFriendList.m */ = {isa = PBXFileReference; fileEncoding = 4; lastKnownFileType = sourcecode.c.objc; path = WADemoVKFriendList.m; sourceTree = "<group>"; };
		7FA55E891D338C1000341D7A /* WADemoGroupCell.h */ = {isa = PBXFileReference; fileEncoding = 4; lastKnownFileType = sourcecode.c.h; path = WADemoGroupCell.h; sourceTree = "<group>"; };
		7FA55E8A1D338C1000341D7A /* WADemoGroupCell.m */ = {isa = PBXFileReference; fileEncoding = 4; lastKnownFileType = sourcecode.c.objc; path = WADemoGroupCell.m; sourceTree = "<group>"; };
		7FA55E8C1D338EC300341D7A /* WADemoGroups.h */ = {isa = PBXFileReference; fileEncoding = 4; lastKnownFileType = sourcecode.c.h; path = WADemoGroups.h; sourceTree = "<group>"; };
		7FA55E8D1D338EC300341D7A /* WADemoGroups.m */ = {isa = PBXFileReference; fileEncoding = 4; lastKnownFileType = sourcecode.c.objc; path = WADemoGroups.m; sourceTree = "<group>"; };
		7FAF3DB91D3CC67000CC9A48 /* WADemoGiftView.h */ = {isa = PBXFileReference; fileEncoding = 4; lastKnownFileType = sourcecode.c.h; path = WADemoGiftView.h; sourceTree = "<group>"; };
		7FAF3DBA1D3CC67000CC9A48 /* WADemoGiftView.m */ = {isa = PBXFileReference; fileEncoding = 4; lastKnownFileType = sourcecode.c.objc; path = WADemoGiftView.m; sourceTree = "<group>"; };
		7FAF3DBC1D3CCBBD00CC9A48 /* WADemoVKGiftView.h */ = {isa = PBXFileReference; fileEncoding = 4; lastKnownFileType = sourcecode.c.h; path = WADemoVKGiftView.h; sourceTree = "<group>"; };
		7FAF3DBD1D3CCBBD00CC9A48 /* WADemoVKGiftView.m */ = {isa = PBXFileReference; fileEncoding = 4; lastKnownFileType = sourcecode.c.objc; path = WADemoVKGiftView.m; sourceTree = "<group>"; };
		7FC4E2B51C8EEE7C0075FC7D /* WADemocn.app */ = {isa = PBXFileReference; explicitFileType = wrapper.application; includeInIndex = 0; path = WADemocn.app; sourceTree = BUILT_PRODUCTS_DIR; };
		7FC4E2B91C8EEE7C0075FC7D /* main.m */ = {isa = PBXFileReference; fileEncoding = 4; lastKnownFileType = sourcecode.c.objc; path = main.m; sourceTree = "<group>"; };
		7FC4E2C21C8EEE7C0075FC7D /* Base */ = {isa = PBXFileReference; lastKnownFileType = file.storyboard; name = Base; path = Base.lproj/Main.storyboard; sourceTree = "<group>"; };
		7FC4E2C41C8EEE7C0075FC7D /* Assets.xcassets */ = {isa = PBXFileReference; lastKnownFileType = folder.assetcatalog; path = Assets.xcassets; sourceTree = "<group>"; };
		7FC4E2C71C8EEE7C0075FC7D /* Base */ = {isa = PBXFileReference; lastKnownFileType = file.storyboard; name = Base; path = Base.lproj/LaunchScreen.storyboard; sourceTree = "<group>"; };
		7FC4E2C91C8EEE7C0075FC7D /* Info.plist */ = {isa = PBXFileReference; lastKnownFileType = text.plist.xml; path = Info.plist; sourceTree = "<group>"; };
		7FC4E2CE1C8EEE7C0075FC7D /* WADemocn.xctest */ = {isa = PBXFileReference; explicitFileType = wrapper.cfbundle; includeInIndex = 0; path = WADemocn.xctest; sourceTree = BUILT_PRODUCTS_DIR; };
		7FC4E2D21C8EEE7C0075FC7D /* WADemocnUITests.m */ = {isa = PBXFileReference; lastKnownFileType = sourcecode.c.objc; path = WADemocnUITests.m; sourceTree = "<group>"; };
		7FC4E2D41C8EEE7C0075FC7D /* Info.plist */ = {isa = PBXFileReference; lastKnownFileType = text.plist.xml; path = Info.plist; sourceTree = "<group>"; };
		7FC4E2DE1C8EEF3F0075FC7D /* WADemoAccountManagement.h */ = {isa = PBXFileReference; fileEncoding = 4; lastKnownFileType = sourcecode.c.h; path = WADemoAccountManagement.h; sourceTree = "<group>"; };
		7FC4E2DF1C8EEF3F0075FC7D /* WADemoAccountManagement.m */ = {isa = PBXFileReference; fileEncoding = 4; lastKnownFileType = sourcecode.c.objc; path = WADemoAccountManagement.m; sourceTree = "<group>"; };
		7FC4E2E01C8EEF3F0075FC7D /* WADemoAccountSwitch.h */ = {isa = PBXFileReference; fileEncoding = 4; lastKnownFileType = sourcecode.c.h; path = WADemoAccountSwitch.h; sourceTree = "<group>"; };
		7FC4E2E11C8EEF3F0075FC7D /* WADemoAccountSwitch.m */ = {isa = PBXFileReference; fileEncoding = 4; lastKnownFileType = sourcecode.c.objc; path = WADemoAccountSwitch.m; sourceTree = "<group>"; };
		7FC4E2E21C8EEF3F0075FC7D /* WADemoBindingAccountList.h */ = {isa = PBXFileReference; fileEncoding = 4; lastKnownFileType = sourcecode.c.h; path = WADemoBindingAccountList.h; sourceTree = "<group>"; };
		7FC4E2E31C8EEF3F0075FC7D /* WADemoBindingAccountList.m */ = {isa = PBXFileReference; fileEncoding = 4; lastKnownFileType = sourcecode.c.objc; path = WADemoBindingAccountList.m; sourceTree = "<group>"; };
		7FC4E2F31C8EEF3F0075FC7D /* Assets.xcassets */ = {isa = PBXFileReference; lastKnownFileType = folder.assetcatalog; path = Assets.xcassets; sourceTree = "<group>"; };
		7FC4E2F61C8EEF3F0075FC7D /* WADemoHotUpdateView.h */ = {isa = PBXFileReference; fileEncoding = 4; lastKnownFileType = sourcecode.c.h; path = WADemoHotUpdateView.h; sourceTree = "<group>"; };
		7FC4E2F71C8EEF3F0075FC7D /* WADemoHotUpdateView.m */ = {isa = PBXFileReference; fileEncoding = 4; lastKnownFileType = sourcecode.c.objc; path = WADemoHotUpdateView.m; sourceTree = "<group>"; };
		7FC4E2F91C8EEF3F0075FC7D /* WADemoIapView.h */ = {isa = PBXFileReference; fileEncoding = 4; lastKnownFileType = sourcecode.c.h; path = WADemoIapView.h; sourceTree = "<group>"; };
		7FC4E2FA1C8EEF3F0075FC7D /* WADemoIapView.m */ = {isa = PBXFileReference; fileEncoding = 4; lastKnownFileType = sourcecode.c.objc; path = WADemoIapView.m; sourceTree = "<group>"; };
		7FC4E2FB1C8EEF3F0075FC7D /* WADemoProductList.h */ = {isa = PBXFileReference; fileEncoding = 4; lastKnownFileType = sourcecode.c.h; path = WADemoProductList.h; sourceTree = "<group>"; };
		7FC4E2FC1C8EEF3F0075FC7D /* WADemoProductList.m */ = {isa = PBXFileReference; fileEncoding = 4; lastKnownFileType = sourcecode.c.objc; path = WADemoProductList.m; sourceTree = "<group>"; };
		7FC4E2FE1C8EEF3F0075FC7D /* WADemoLoginUI.h */ = {isa = PBXFileReference; fileEncoding = 4; lastKnownFileType = sourcecode.c.h; path = WADemoLoginUI.h; sourceTree = "<group>"; };
		7FC4E2FF1C8EEF3F0075FC7D /* WADemoLoginUI.m */ = {isa = PBXFileReference; fileEncoding = 4; lastKnownFileType = sourcecode.c.objc; path = WADemoLoginUI.m; sourceTree = "<group>"; };
		7FC4E3031C8EEF3F0075FC7D /* WADemoFriendInGameTV.h */ = {isa = PBXFileReference; fileEncoding = 4; lastKnownFileType = sourcecode.c.h; path = WADemoFriendInGameTV.h; sourceTree = "<group>"; };
		7FC4E3041C8EEF3F0075FC7D /* WADemoFriendInGameTV.m */ = {isa = PBXFileReference; fileEncoding = 4; lastKnownFileType = sourcecode.c.objc; path = WADemoFriendInGameTV.m; sourceTree = "<group>"; };
		7FC4E3061C8EEF3F0075FC7D /* WADemoFriendListForSendingAsking.h */ = {isa = PBXFileReference; fileEncoding = 4; lastKnownFileType = sourcecode.c.h; path = WADemoFriendListForSendingAsking.h; sourceTree = "<group>"; };
		7FC4E3071C8EEF3F0075FC7D /* WADemoFriendListForSendingAsking.m */ = {isa = PBXFileReference; fileEncoding = 4; lastKnownFileType = sourcecode.c.objc; path = WADemoFriendListForSendingAsking.m; sourceTree = "<group>"; };
		7FC4E3081C8EEF3F0075FC7D /* WADemoGiftList.h */ = {isa = PBXFileReference; fileEncoding = 4; lastKnownFileType = sourcecode.c.h; path = WADemoGiftList.h; sourceTree = "<group>"; };
		7FC4E3091C8EEF3F0075FC7D /* WADemoGiftList.m */ = {isa = PBXFileReference; fileEncoding = 4; lastKnownFileType = sourcecode.c.objc; path = WADemoGiftList.m; sourceTree = "<group>"; };
		7FC4E30A1C8EEF3F0075FC7D /* WADemoGiftListTVC.h */ = {isa = PBXFileReference; fileEncoding = 4; lastKnownFileType = sourcecode.c.h; path = WADemoGiftListTVC.h; sourceTree = "<group>"; };
		7FC4E30B1C8EEF3F0075FC7D /* WADemoGiftListTVC.m */ = {isa = PBXFileReference; fileEncoding = 4; lastKnownFileType = sourcecode.c.objc; path = WADemoGiftListTVC.m; sourceTree = "<group>"; };
		7FC4E30C1C8EEF3F0075FC7D /* WADemoGiftListView.h */ = {isa = PBXFileReference; fileEncoding = 4; lastKnownFileType = sourcecode.c.h; path = WADemoGiftListView.h; sourceTree = "<group>"; };
		7FC4E30D1C8EEF3F0075FC7D /* WADemoGiftListView.m */ = {isa = PBXFileReference; fileEncoding = 4; lastKnownFileType = sourcecode.c.objc; path = WADemoGiftListView.m; sourceTree = "<group>"; };
		7FC4E30F1C8EEF3F0075FC7D /* WADemoGiftBoxTV.h */ = {isa = PBXFileReference; fileEncoding = 4; lastKnownFileType = sourcecode.c.h; path = WADemoGiftBoxTV.h; sourceTree = "<group>"; };
		7FC4E3101C8EEF3F0075FC7D /* WADemoGiftBoxTV.m */ = {isa = PBXFileReference; fileEncoding = 4; lastKnownFileType = sourcecode.c.objc; path = WADemoGiftBoxTV.m; sourceTree = "<group>"; };
		7FC4E3111C8EEF3F0075FC7D /* WADemoGiftRequestView.h */ = {isa = PBXFileReference; fileEncoding = 4; lastKnownFileType = sourcecode.c.h; path = WADemoGiftRequestView.h; sourceTree = "<group>"; };
		7FC4E3121C8EEF3F0075FC7D /* WADemoGiftRequestView.m */ = {isa = PBXFileReference; fileEncoding = 4; lastKnownFileType = sourcecode.c.objc; path = WADemoGiftRequestView.m; sourceTree = "<group>"; };
		7FC4E3151C8EEF3F0075FC7D /* WADemoFBGiftView.h */ = {isa = PBXFileReference; fileEncoding = 4; lastKnownFileType = sourcecode.c.h; path = WADemoFBGiftView.h; sourceTree = "<group>"; };
		7FC4E3161C8EEF3F0075FC7D /* WADemoFBGiftView.m */ = {isa = PBXFileReference; fileEncoding = 4; lastKnownFileType = sourcecode.c.objc; path = WADemoFBGiftView.m; sourceTree = "<group>"; };
		7FC4E3181C8EEF3F0075FC7D /* WADemoFBInviteView.h */ = {isa = PBXFileReference; fileEncoding = 4; lastKnownFileType = sourcecode.c.h; path = WADemoFBInviteView.h; sourceTree = "<group>"; };
		7FC4E3191C8EEF3F0075FC7D /* WADemoFBInviteView.m */ = {isa = PBXFileReference; fileEncoding = 4; lastKnownFileType = sourcecode.c.objc; path = WADemoFBInviteView.m; sourceTree = "<group>"; };
		7FC4E31A1C8EEF3F0075FC7D /* WADemoFriendListTV.h */ = {isa = PBXFileReference; fileEncoding = 4; lastKnownFileType = sourcecode.c.h; path = WADemoFriendListTV.h; sourceTree = "<group>"; };
		7FC4E31B1C8EEF3F0075FC7D /* WADemoFriendListTV.m */ = {isa = PBXFileReference; fileEncoding = 4; lastKnownFileType = sourcecode.c.objc; path = WADemoFriendListTV.m; sourceTree = "<group>"; };
		7FC4E31D1C8EEF3F0075FC7D /* WADemoFBShareView.h */ = {isa = PBXFileReference; fileEncoding = 4; lastKnownFileType = sourcecode.c.h; path = WADemoFBShareView.h; sourceTree = "<group>"; };
		7FC4E31E1C8EEF3F0075FC7D /* WADemoFBShareView.m */ = {isa = PBXFileReference; fileEncoding = 4; lastKnownFileType = sourcecode.c.objc; path = WADemoFBShareView.m; sourceTree = "<group>"; };
		7FC4E3211C8EEF3F0075FC7D /* WADemoAlertView.h */ = {isa = PBXFileReference; fileEncoding = 4; lastKnownFileType = sourcecode.c.h; path = WADemoAlertView.h; sourceTree = "<group>"; };
		7FC4E3221C8EEF3F0075FC7D /* WADemoAlertView.m */ = {isa = PBXFileReference; fileEncoding = 4; lastKnownFileType = sourcecode.c.objc; path = WADemoAlertView.m; sourceTree = "<group>"; };
		7FC4E3231C8EEF3F0075FC7D /* WADemoButtonMain.h */ = {isa = PBXFileReference; fileEncoding = 4; lastKnownFileType = sourcecode.c.h; path = WADemoButtonMain.h; sourceTree = "<group>"; };
		7FC4E3241C8EEF3F0075FC7D /* WADemoButtonMain.m */ = {isa = PBXFileReference; fileEncoding = 4; lastKnownFileType = sourcecode.c.objc; path = WADemoButtonMain.m; sourceTree = "<group>"; };
		7FC4E3251C8EEF3F0075FC7D /* WADemoButtonSwitch.h */ = {isa = PBXFileReference; fileEncoding = 4; lastKnownFileType = sourcecode.c.h; path = WADemoButtonSwitch.h; sourceTree = "<group>"; };
		7FC4E3261C8EEF3F0075FC7D /* WADemoButtonSwitch.m */ = {isa = PBXFileReference; fileEncoding = 4; lastKnownFileType = sourcecode.c.objc; path = WADemoButtonSwitch.m; sourceTree = "<group>"; };
		7FC4E3271C8EEF3F0075FC7D /* WADemoListTableView.h */ = {isa = PBXFileReference; fileEncoding = 4; lastKnownFileType = sourcecode.c.h; path = WADemoListTableView.h; sourceTree = "<group>"; };
		7FC4E3281C8EEF3F0075FC7D /* WADemoListTableView.m */ = {isa = PBXFileReference; fileEncoding = 4; lastKnownFileType = sourcecode.c.objc; path = WADemoListTableView.m; sourceTree = "<group>"; };
		7FC4E3291C8EEF3F0075FC7D /* WADemoMaskLayer.h */ = {isa = PBXFileReference; fileEncoding = 4; lastKnownFileType = sourcecode.c.h; path = WADemoMaskLayer.h; sourceTree = "<group>"; };
		7FC4E32A1C8EEF3F0075FC7D /* WADemoMaskLayer.m */ = {isa = PBXFileReference; fileEncoding = 4; lastKnownFileType = sourcecode.c.objc; path = WADemoMaskLayer.m; sourceTree = "<group>"; };
		7FC4E32B1C8EEF3F0075FC7D /* WADemoNaviView.h */ = {isa = PBXFileReference; fileEncoding = 4; lastKnownFileType = sourcecode.c.h; path = WADemoNaviView.h; sourceTree = "<group>"; };
		7FC4E32C1C8EEF3F0075FC7D /* WADemoNaviView.m */ = {isa = PBXFileReference; fileEncoding = 4; lastKnownFileType = sourcecode.c.objc; path = WADemoNaviView.m; sourceTree = "<group>"; };
		7FC4E32D1C8EEF3F0075FC7D /* WADemoScrollView.h */ = {isa = PBXFileReference; fileEncoding = 4; lastKnownFileType = sourcecode.c.h; path = WADemoScrollView.h; sourceTree = "<group>"; };
		7FC4E32E1C8EEF3F0075FC7D /* WADemoScrollView.m */ = {isa = PBXFileReference; fileEncoding = 4; lastKnownFileType = sourcecode.c.objc; path = WADemoScrollView.m; sourceTree = "<group>"; };
		7FC4E3301C8EEF3F0075FC7D /* WADemoUtil.h */ = {isa = PBXFileReference; fileEncoding = 4; lastKnownFileType = sourcecode.c.h; path = WADemoUtil.h; sourceTree = "<group>"; };
		7FC4E3311C8EEF3F0075FC7D /* WADemoUtil.m */ = {isa = PBXFileReference; fileEncoding = 4; lastKnownFileType = sourcecode.c.objc; path = WADemoUtil.m; sourceTree = "<group>"; };
		7FC4E3321C8EEF3F0075FC7D /* WADemoAppDelegate.h */ = {isa = PBXFileReference; fileEncoding = 4; lastKnownFileType = sourcecode.c.h; path = WADemoAppDelegate.h; sourceTree = "<group>"; };
		7FC4E3331C8EEF3F0075FC7D /* WADemoAppDelegate.m */ = {isa = PBXFileReference; fileEncoding = 4; lastKnownFileType = sourcecode.c.objc; path = WADemoAppDelegate.m; sourceTree = "<group>"; };
		7FC4E3361C8EEF3F0075FC7D /* WADemoViewController.h */ = {isa = PBXFileReference; fileEncoding = 4; lastKnownFileType = sourcecode.c.h; path = WADemoViewController.h; sourceTree = "<group>"; };
		7FC4E3371C8EEF3F0075FC7D /* WADemoViewController.m */ = {isa = PBXFileReference; fileEncoding = 4; lastKnownFileType = sourcecode.c.objc; path = WADemoViewController.m; sourceTree = "<group>"; };
		7FC4E37B1C8EF0310075FC7D /* Base */ = {isa = PBXFileReference; lastKnownFileType = text.plist.strings; name = Base; path = Base.lproj/Localizable.strings; sourceTree = "<group>"; };
		7FC4E37D1C8EF03C0075FC7D /* en */ = {isa = PBXFileReference; lastKnownFileType = text.plist.strings; name = en; path = en.lproj/Localizable.strings; sourceTree = "<group>"; };
		7FC4E37E1C8EF0490075FC7D /* zh-Hans */ = {isa = PBXFileReference; lastKnownFileType = text.plist.strings; name = "zh-Hans"; path = "zh-Hans.lproj/Localizable.strings"; sourceTree = "<group>"; };
		9D23F14C739EDC174EC32525 /* Pods-WADemocn.release.xcconfig */ = {isa = PBXFileReference; includeInIndex = 1; lastKnownFileType = text.xcconfig; name = "Pods-WADemocn.release.xcconfig"; path = "Pods/Target Support Files/Pods-WADemocn/Pods-WADemocn.release.xcconfig"; sourceTree = "<group>"; };
		B20B9F02234DB83200592386 /* WebKit.framework */ = {isa = PBXFileReference; lastKnownFileType = wrapper.framework; name = WebKit.framework; path = System/Library/Frameworks/WebKit.framework; sourceTree = SDKROOT; };
		B20B9F06234DD28C00592386 /* WADemocn.entitlements */ = {isa = PBXFileReference; lastKnownFileType = text.plist.entitlements; path = WADemocn.entitlements; sourceTree = "<group>"; };
/* End PBXFileReference section */

/* Begin PBXFrameworksBuildPhase section */
		7FC4E2B21C8EEE7C0075FC7D /* Frameworks */ = {
			isa = PBXFrameworksBuildPhase;
			buildActionMask = 2147483647;
			files = (
				B20B9F03234DB83200592386 /* WebKit.framework in Frameworks */,
				D6CD5606E1699BFD0382E7D0 /* libPods-WADemocn.a in Frameworks */,
			);
			runOnlyForDeploymentPostprocessing = 0;
		};
		7FC4E2CB1C8EEE7C0075FC7D /* Frameworks */ = {
			isa = PBXFrameworksBuildPhase;
			buildActionMask = 2147483647;
			files = (
			);
			runOnlyForDeploymentPostprocessing = 0;
		};
/* End PBXFrameworksBuildPhase section */

/* Begin PBXGroup section */
		3651BAEB1DFFE0D6002B955C /* AppTracking */ = {
			isa = PBXGroup;
			children = (
				3651BAEC1DFFE0D6002B955C /* WADemoAppTrackingView.h */,
				3651BAED1DFFE0D6002B955C /* WADemoAppTrackingView.m */,
				3651BAEE1DFFE0D6002B955C /* WADemoEventData.h */,
				3651BAEF1DFFE0D6002B955C /* WADemoEventData.m */,
				3651BAF01DFFE0D6002B955C /* WADemoEventParam.h */,
				3651BAF11DFFE0D6002B955C /* WADemoEventParam.m */,
				3651BAF21DFFE0D6002B955C /* WADemoSendEventView.h */,
				3651BAF31DFFE0D6002B955C /* WADemoSendEventView.m */,
			);
			path = AppTracking;
			sourceTree = "<group>";
		};
		36F6FBB01CD3092800EB0DBC /* Pay */ = {
			isa = PBXGroup;
			children = (
				36F6FBB11CD3092800EB0DBC /* WADemoPayView.h */,
				36F6FBB21CD3092800EB0DBC /* WADemoPayView.m */,
			);
			path = Pay;
			sourceTree = "<group>";
		};
		7FC4E2AC1C8EEE7C0075FC7D = {
			isa = PBXGroup;
			children = (
				7FC4E2B71C8EEE7C0075FC7D /* WADemocn */,
				7FC4E2D11C8EEE7C0075FC7D /* WADemocnUITests */,
				7FC4E2B61C8EEE7C0075FC7D /* Products */,
				FF7C6F21B9A8420B9E49FEF7 /* Pods */,
				DADDAF22A4B48C543937B1B0 /* Frameworks */,
			);
			sourceTree = "<group>";
		};
		7FC4E2B61C8EEE7C0075FC7D /* Products */ = {
			isa = PBXGroup;
			children = (
				7FC4E2B51C8EEE7C0075FC7D /* WADemocn.app */,
				7FC4E2CE1C8EEE7C0075FC7D /* WADemocn.xctest */,
			);
			name = Products;
			sourceTree = "<group>";
		};
		7FC4E2B71C8EEE7C0075FC7D /* WADemocn */ = {
			isa = PBXGroup;
			children = (
				B20B9F06234DD28C00592386 /* WADemocn.entitlements */,
				3651BAEB1DFFE0D6002B955C /* AppTracking */,
				36F6FBB01CD3092800EB0DBC /* Pay */,
				7FC4E2DD1C8EEF3F0075FC7D /* AccountManagement  */,
				7FC4E2F31C8EEF3F0075FC7D /* Assets.xcassets */,
				7FC4E2F81C8EEF3F0075FC7D /* InAppPurchase */,
				7FC4E2F51C8EEF3F0075FC7D /* HotUpdate */,
				7FC4E2FD1C8EEF3F0075FC7D /* Login */,
				7FC4E3001C8EEF3F0075FC7D /* SocialSupport */,
				7FC4E3201C8EEF3F0075FC7D /* UICommon */,
				7FC4E32F1C8EEF3F0075FC7D /* Util */,
				7FC4E3321C8EEF3F0075FC7D /* WADemoAppDelegate.h */,
				7FC4E3331C8EEF3F0075FC7D /* WADemoAppDelegate.m */,
				7FC4E3361C8EEF3F0075FC7D /* WADemoViewController.h */,
				7FC4E3371C8EEF3F0075FC7D /* WADemoViewController.m */,
				7FC4E2C11C8EEE7C0075FC7D /* Main.storyboard */,
				7FC4E2C41C8EEE7C0075FC7D /* Assets.xcassets */,
				7FC4E2C61C8EEE7C0075FC7D /* LaunchScreen.storyboard */,
				7FC4E2C91C8EEE7C0075FC7D /* Info.plist */,
				7FC4E2B81C8EEE7C0075FC7D /* Supporting Files */,
				36FEA5391D990322000B300D /* WADemoCNMainUI.h */,
				36FEA53A1D990322000B300D /* WADemoCNMainUI.m */,
			);
			path = WADemocn;
			sourceTree = "<group>";
		};
		7FC4E2B81C8EEE7C0075FC7D /* Supporting Files */ = {
			isa = PBXGroup;
			children = (
				7FC4E37A1C8EF0310075FC7D /* Localizable.strings */,
				7FC4E2B91C8EEE7C0075FC7D /* main.m */,
			);
			name = "Supporting Files";
			sourceTree = "<group>";
		};
		7FC4E2D11C8EEE7C0075FC7D /* WADemocnUITests */ = {
			isa = PBXGroup;
			children = (
				7FC4E2D21C8EEE7C0075FC7D /* WADemocnUITests.m */,
				7FC4E2D41C8EEE7C0075FC7D /* Info.plist */,
			);
			path = WADemocnUITests;
			sourceTree = "<group>";
		};
		7FC4E2DD1C8EEF3F0075FC7D /* AccountManagement  */ = {
			isa = PBXGroup;
			children = (
				7FC4E2DE1C8EEF3F0075FC7D /* WADemoAccountManagement.h */,
				7FC4E2DF1C8EEF3F0075FC7D /* WADemoAccountManagement.m */,
				7FC4E2E01C8EEF3F0075FC7D /* WADemoAccountSwitch.h */,
				7FC4E2E11C8EEF3F0075FC7D /* WADemoAccountSwitch.m */,
				7FC4E2E21C8EEF3F0075FC7D /* WADemoBindingAccountList.h */,
				7FC4E2E31C8EEF3F0075FC7D /* WADemoBindingAccountList.m */,
			);
			path = "AccountManagement ";
			sourceTree = "<group>";
		};
		7FC4E2F51C8EEF3F0075FC7D /* HotUpdate */ = {
			isa = PBXGroup;
			children = (
				7FC4E2F61C8EEF3F0075FC7D /* WADemoHotUpdateView.h */,
				7FC4E2F71C8EEF3F0075FC7D /* WADemoHotUpdateView.m */,
			);
			path = HotUpdate;
			sourceTree = "<group>";
		};
		7FC4E2F81C8EEF3F0075FC7D /* InAppPurchase */ = {
			isa = PBXGroup;
			children = (
				7FC4E2F91C8EEF3F0075FC7D /* WADemoIapView.h */,
				7FC4E2FA1C8EEF3F0075FC7D /* WADemoIapView.m */,
				7FC4E2FB1C8EEF3F0075FC7D /* WADemoProductList.h */,
				7FC4E2FC1C8EEF3F0075FC7D /* WADemoProductList.m */,
			);
			path = InAppPurchase;
			sourceTree = "<group>";
		};
		7FC4E2FD1C8EEF3F0075FC7D /* Login */ = {
			isa = PBXGroup;
			children = (
				7FC4E2FE1C8EEF3F0075FC7D /* WADemoLoginUI.h */,
				7FC4E2FF1C8EEF3F0075FC7D /* WADemoLoginUI.m */,
			);
			path = Login;
			sourceTree = "<group>";
		};
		7FC4E3001C8EEF3F0075FC7D /* SocialSupport */ = {
			isa = PBXGroup;
			children = (
				7FC4E3011C8EEF3F0075FC7D /* Gift */,
				7FC4E3171C8EEF3F0075FC7D /* Invite */,
				7FC4E31C1C8EEF3F0075FC7D /* Share */,
			);
			path = SocialSupport;
			sourceTree = "<group>";
		};
		7FC4E3011C8EEF3F0075FC7D /* Gift */ = {
			isa = PBXGroup;
			children = (
				7FC4E3021C8EEF3F0075FC7D /* FriendsInGame */,
				7FC4E3051C8EEF3F0075FC7D /* Gift(Send_Ask) */,
				7FC4E30E1C8EEF3F0075FC7D /* GiftBox */,
				7FC4E3151C8EEF3F0075FC7D /* WADemoFBGiftView.h */,
				7FC4E3161C8EEF3F0075FC7D /* WADemoFBGiftView.m */,
				7FAF3DB91D3CC67000CC9A48 /* WADemoGiftView.h */,
				7FAF3DBA1D3CC67000CC9A48 /* WADemoGiftView.m */,
				7FAF3DBC1D3CCBBD00CC9A48 /* WADemoVKGiftView.h */,
				7FAF3DBD1D3CCBBD00CC9A48 /* WADemoVKGiftView.m */,
			);
			path = Gift;
			sourceTree = "<group>";
		};
		7FC4E3021C8EEF3F0075FC7D /* FriendsInGame */ = {
			isa = PBXGroup;
			children = (
				7FC4E3031C8EEF3F0075FC7D /* WADemoFriendInGameTV.h */,
				7FC4E3041C8EEF3F0075FC7D /* WADemoFriendInGameTV.m */,
			);
			path = FriendsInGame;
			sourceTree = "<group>";
		};
		7FC4E3051C8EEF3F0075FC7D /* Gift(Send_Ask) */ = {
			isa = PBXGroup;
			children = (
				7FC4E3061C8EEF3F0075FC7D /* WADemoFriendListForSendingAsking.h */,
				7FC4E3071C8EEF3F0075FC7D /* WADemoFriendListForSendingAsking.m */,
				7FC4E3081C8EEF3F0075FC7D /* WADemoGiftList.h */,
				7FC4E3091C8EEF3F0075FC7D /* WADemoGiftList.m */,
				7FC4E30A1C8EEF3F0075FC7D /* WADemoGiftListTVC.h */,
				7FC4E30B1C8EEF3F0075FC7D /* WADemoGiftListTVC.m */,
				7FC4E30C1C8EEF3F0075FC7D /* WADemoGiftListView.h */,
				7FC4E30D1C8EEF3F0075FC7D /* WADemoGiftListView.m */,
			);
			path = "Gift(Send_Ask)";
			sourceTree = "<group>";
		};
		7FC4E30E1C8EEF3F0075FC7D /* GiftBox */ = {
			isa = PBXGroup;
			children = (
				7FC4E30F1C8EEF3F0075FC7D /* WADemoGiftBoxTV.h */,
				7FC4E3101C8EEF3F0075FC7D /* WADemoGiftBoxTV.m */,
				7FC4E3111C8EEF3F0075FC7D /* WADemoGiftRequestView.h */,
				7FC4E3121C8EEF3F0075FC7D /* WADemoGiftRequestView.m */,
			);
			path = GiftBox;
			sourceTree = "<group>";
		};
		7FC4E3171C8EEF3F0075FC7D /* Invite */ = {
			isa = PBXGroup;
			children = (
				7FA55E891D338C1000341D7A /* WADemoGroupCell.h */,
				7FA55E8A1D338C1000341D7A /* WADemoGroupCell.m */,
				7FC4E3181C8EEF3F0075FC7D /* WADemoFBInviteView.h */,
				7FC4E3191C8EEF3F0075FC7D /* WADemoFBInviteView.m */,
				7FC4E31A1C8EEF3F0075FC7D /* WADemoFriendListTV.h */,
				7FC4E31B1C8EEF3F0075FC7D /* WADemoFriendListTV.m */,
				7FA55E761D332BC400341D7A /* WADemoInvite.h */,
				7FA55E771D332BC400341D7A /* WADemoInvite.m */,
				7FA55E791D33310E00341D7A /* WADemoVKInviteView.h */,
				7FA55E7A1D33310E00341D7A /* WADemoVKInviteView.m */,
				7FA55E7C1D333F8800341D7A /* WADemoVKFriendList.h */,
				7FA55E7D1D333F8800341D7A /* WADemoVKFriendList.m */,
				7FA55E8C1D338EC300341D7A /* WADemoGroups.h */,
				7FA55E8D1D338EC300341D7A /* WADemoGroups.m */,
			);
			path = Invite;
			sourceTree = "<group>";
		};
		7FC4E31C1C8EEF3F0075FC7D /* Share */ = {
			isa = PBXGroup;
			children = (
				7FC4E31D1C8EEF3F0075FC7D /* WADemoFBShareView.h */,
				7FC4E31E1C8EEF3F0075FC7D /* WADemoFBShareView.m */,
			);
			path = Share;
			sourceTree = "<group>";
		};
		7FC4E3201C8EEF3F0075FC7D /* UICommon */ = {
			isa = PBXGroup;
			children = (
				7FC4E3211C8EEF3F0075FC7D /* WADemoAlertView.h */,
				7FC4E3221C8EEF3F0075FC7D /* WADemoAlertView.m */,
				7FC4E3231C8EEF3F0075FC7D /* WADemoButtonMain.h */,
				7FC4E3241C8EEF3F0075FC7D /* WADemoButtonMain.m */,
				7FC4E3251C8EEF3F0075FC7D /* WADemoButtonSwitch.h */,
				7FC4E3261C8EEF3F0075FC7D /* WADemoButtonSwitch.m */,
				7FC4E3271C8EEF3F0075FC7D /* WADemoListTableView.h */,
				7FC4E3281C8EEF3F0075FC7D /* WADemoListTableView.m */,
				7FC4E3291C8EEF3F0075FC7D /* WADemoMaskLayer.h */,
				7FC4E32A1C8EEF3F0075FC7D /* WADemoMaskLayer.m */,
				7FC4E32B1C8EEF3F0075FC7D /* WADemoNaviView.h */,
				7FC4E32C1C8EEF3F0075FC7D /* WADemoNaviView.m */,
				7FC4E32D1C8EEF3F0075FC7D /* WADemoScrollView.h */,
				7FC4E32E1C8EEF3F0075FC7D /* WADemoScrollView.m */,
			);
			path = UICommon;
			sourceTree = "<group>";
		};
		7FC4E32F1C8EEF3F0075FC7D /* Util */ = {
			isa = PBXGroup;
			children = (
				7FC4E3301C8EEF3F0075FC7D /* WADemoUtil.h */,
				7FC4E3311C8EEF3F0075FC7D /* WADemoUtil.m */,
			);
			path = Util;
			sourceTree = "<group>";
		};
		DADDAF22A4B48C543937B1B0 /* Frameworks */ = {
			isa = PBXGroup;
			children = (
				B20B9F02234DB83200592386 /* WebKit.framework */,
				104D83C95EE0E45F42E716F2 /* libPods-WADemocn.a */,
			);
			name = Frameworks;
			sourceTree = "<group>";
		};
		FF7C6F21B9A8420B9E49FEF7 /* Pods */ = {
			isa = PBXGroup;
			children = (
				3BEADB5D240273F5953F6CA8 /* Pods-WADemocn.debug.xcconfig */,
				9D23F14C739EDC174EC32525 /* Pods-WADemocn.release.xcconfig */,
			);
			name = Pods;
			sourceTree = "<group>";
		};
/* End PBXGroup section */

/* Begin PBXNativeTarget section */
		7FC4E2B41C8EEE7C0075FC7D /* WADemocn */ = {
			isa = PBXNativeTarget;
			buildConfigurationList = 7FC4E2D71C8EEE7C0075FC7D /* Build configuration list for PBXNativeTarget "WADemocn" */;
			buildPhases = (
				03B222451E01CD8F03DD0CC0 /* [CP] Check Pods Manifest.lock */,
				7FC4E2B11C8EEE7C0075FC7D /* Sources */,
				7FC4E2B21C8EEE7C0075FC7D /* Frameworks */,
				7FC4E2B31C8EEE7C0075FC7D /* Resources */,
				BAE5B62CB60FE174AB26CAE1 /* [CP] Copy Pods Resources */,
			);
			buildRules = (
			);
			dependencies = (
			);
			name = WADemocn;
			productName = WADemo;
			productReference = 7FC4E2B51C8EEE7C0075FC7D /* WADemocn.app */;
			productType = "com.apple.product-type.application";
		};
		7FC4E2CD1C8EEE7C0075FC7D /* WADemocnUITests */ = {
			isa = PBXNativeTarget;
			buildConfigurationList = 7FC4E2DA1C8EEE7C0075FC7D /* Build configuration list for PBXNativeTarget "WADemocnUITests" */;
			buildPhases = (
				7FC4E2CA1C8EEE7C0075FC7D /* Sources */,
				7FC4E2CB1C8EEE7C0075FC7D /* Frameworks */,
				7FC4E2CC1C8EEE7C0075FC7D /* Resources */,
			);
			buildRules = (
			);
			dependencies = (
				7FC4E2D01C8EEE7C0075FC7D /* PBXTargetDependency */,
			);
			name = WADemocnUITests;
			productName = WADemoUITests;
			productReference = 7FC4E2CE1C8EEE7C0075FC7D /* WADemocn.xctest */;
			productType = "com.apple.product-type.bundle.ui-testing";
		};
/* End PBXNativeTarget section */

/* Begin PBXProject section */
		7FC4E2AD1C8EEE7C0075FC7D /* Project object */ = {
			isa = PBXProject;
			attributes = {
				LastUpgradeCheck = 0730;
				ORGANIZATIONNAME = GHW;
				TargetAttributes = {
					7FC4E2B41C8EEE7C0075FC7D = {
						CreatedOnToolsVersion = 7.1.1;
						DevelopmentTeam = Y8Z2D47ET4;
					};
					7FC4E2CD1C8EEE7C0075FC7D = {
						CreatedOnToolsVersion = 7.1.1;
						TestTargetID = 7FC4E2B41C8EEE7C0075FC7D;
					};
				};
			};
			buildConfigurationList = 7FC4E2B01C8EEE7C0075FC7D /* Build configuration list for PBXProject "WADemocn" */;
			compatibilityVersion = "Xcode 3.2";
			developmentRegion = English;
			hasScannedForEncodings = 0;
			knownRegions = (
				English,
				en,
				Base,
				"zh-Hans",
				fr,
				"pt-BR",
			);
			mainGroup = 7FC4E2AC1C8EEE7C0075FC7D;
			productRefGroup = 7FC4E2B61C8EEE7C0075FC7D /* Products */;
			projectDirPath = "";
			projectRoot = "";
			targets = (
				7FC4E2B41C8EEE7C0075FC7D /* WADemocn */,
				7FC4E2CD1C8EEE7C0075FC7D /* WADemocnUITests */,
			);
		};
/* End PBXProject section */

/* Begin PBXResourcesBuildPhase section */
		7FC4E2B31C8EEE7C0075FC7D /* Resources */ = {
			isa = PBXResourcesBuildPhase;
			buildActionMask = 2147483647;
			files = (
				7FC4E2C81C8EEE7C0075FC7D /* LaunchScreen.storyboard in Resources */,
				7FC4E2C51C8EEE7C0075FC7D /* Assets.xcassets in Resources */,
				7FC4E37C1C8EF0310075FC7D /* Localizable.strings in Resources */,
				7FC4E2C31C8EEE7C0075FC7D /* Main.storyboard in Resources */,
			);
			runOnlyForDeploymentPostprocessing = 0;
		};
		7FC4E2CC1C8EEE7C0075FC7D /* Resources */ = {
			isa = PBXResourcesBuildPhase;
			buildActionMask = 2147483647;
			files = (
			);
			runOnlyForDeploymentPostprocessing = 0;
		};
/* End PBXResourcesBuildPhase section */

/* Begin PBXShellScriptBuildPhase section */
		03B222451E01CD8F03DD0CC0 /* [CP] Check Pods Manifest.lock */ = {
			isa = PBXShellScriptBuildPhase;
			buildActionMask = 2147483647;
			files = (
			);
			inputPaths = (
				"${PODS_PODFILE_DIR_PATH}/Podfile.lock",
				"${PODS_ROOT}/Manifest.lock",
			);
			name = "[CP] Check Pods Manifest.lock";
			outputPaths = (
				"$(DERIVED_FILE_DIR)/Pods-WADemocn-checkManifestLockResult.txt",
			);
			runOnlyForDeploymentPostprocessing = 0;
			shellPath = /bin/sh;
			shellScript = "diff \"${PODS_PODFILE_DIR_PATH}/Podfile.lock\" \"${PODS_ROOT}/Manifest.lock\" > /dev/null\nif [ $? != 0 ] ; then\n    # print error to STDERR\n    echo \"error: The sandbox is not in sync with the Podfile.lock. Run 'pod install' or update your CocoaPods installation.\" >&2\n    exit 1\nfi\n# This output is used by Xcode 'outputs' to avoid re-running this script phase.\necho \"SUCCESS\" > \"${SCRIPT_OUTPUT_FILE_0}\"\n";
			showEnvVarsInLog = 0;
		};
		BAE5B62CB60FE174AB26CAE1 /* [CP] Copy Pods Resources */ = {
			isa = PBXShellScriptBuildPhase;
			buildActionMask = 2147483647;
			files = (
			);
			inputPaths = (
				"${PODS_ROOT}/Target Support Files/Pods-WADemocn/Pods-WADemocn-resources.sh",
				"${PODS_ROOT}/WAApImpl_CN/config/wa_sdk_impl_config_apple.xml",
				"${PODS_ROOT}/WAApwImpl_CN/config/wa_sdk_impl_config_apw.xml",
				"${PODS_ROOT}/WASdkImpl_CN/config/wa_sdk_impl_config_winga.xml",
				"${PODS_ROOT}/WASdkImpl_CN/bundle/WASDK-Resource.bundle",
				"${PODS_ROOT}/WASdkImpl_CN/localizable/base.plist",
				"${PODS_ROOT}/WASdkImpl_CN/localizable/en.plist",
				"${PODS_ROOT}/WASdkImpl_CN/localizable/es.plist",
				"${PODS_ROOT}/WASdkImpl_CN/localizable/pt-BR.plist",
				"${PODS_ROOT}/WASdkImpl_CN/localizable/ru.plist",
				"${PODS_ROOT}/WASdkImpl_CN/localizable/zh-Hans.plist",
				"${PODS_ROOT}/WASdkIntf_CN/config/wa_sdk.plist",
				"${PODS_ROOT}/WASdkIntf_CN/config/wa_sdk_track_config.plist",
				"${PODS_ROOT}/WAWebPayImpl_CN/config/wa_sdk_impl_config_webpay.xml",
				"${PODS_ROOT}/WAWechatImpl_CN/config/wa_sdk_impl_config_wechat.xml",
			);
			name = "[CP] Copy Pods Resources";
			outputPaths = (
				"${TARGET_BUILD_DIR}/${UNLOCALIZED_RESOURCES_FOLDER_PATH}/wa_sdk_impl_config_apple.xml",
				"${TARGET_BUILD_DIR}/${UNLOCALIZED_RESOURCES_FOLDER_PATH}/wa_sdk_impl_config_apw.xml",
				"${TARGET_BUILD_DIR}/${UNLOCALIZED_RESOURCES_FOLDER_PATH}/wa_sdk_impl_config_winga.xml",
				"${TARGET_BUILD_DIR}/${UNLOCALIZED_RESOURCES_FOLDER_PATH}/WASDK-Resource.bundle",
				"${TARGET_BUILD_DIR}/${UNLOCALIZED_RESOURCES_FOLDER_PATH}/base.plist",
				"${TARGET_BUILD_DIR}/${UNLOCALIZED_RESOURCES_FOLDER_PATH}/en.plist",
				"${TARGET_BUILD_DIR}/${UNLOCALIZED_RESOURCES_FOLDER_PATH}/es.plist",
				"${TARGET_BUILD_DIR}/${UNLOCALIZED_RESOURCES_FOLDER_PATH}/pt-BR.plist",
				"${TARGET_BUILD_DIR}/${UNLOCALIZED_RESOURCES_FOLDER_PATH}/ru.plist",
				"${TARGET_BUILD_DIR}/${UNLOCALIZED_RESOURCES_FOLDER_PATH}/zh-Hans.plist",
				"${TARGET_BUILD_DIR}/${UNLOCALIZED_RESOURCES_FOLDER_PATH}/wa_sdk.plist",
				"${TARGET_BUILD_DIR}/${UNLOCALIZED_RESOURCES_FOLDER_PATH}/wa_sdk_track_config.plist",
				"${TARGET_BUILD_DIR}/${UNLOCALIZED_RESOURCES_FOLDER_PATH}/wa_sdk_impl_config_webpay.xml",
				"${TARGET_BUILD_DIR}/${UNLOCALIZED_RESOURCES_FOLDER_PATH}/wa_sdk_impl_config_wechat.xml",
			);
			runOnlyForDeploymentPostprocessing = 0;
			shellPath = /bin/sh;
			shellScript = "\"${PODS_ROOT}/Target Support Files/Pods-WADemocn/Pods-WADemocn-resources.sh\"\n";
			showEnvVarsInLog = 0;
		};
/* End PBXShellScriptBuildPhase section */

/* Begin PBXSourcesBuildPhase section */
		7FC4E2B11C8EEE7C0075FC7D /* Sources */ = {
			isa = PBXSourcesBuildPhase;
			buildActionMask = 2147483647;
			files = (
				36FEA53B1D990322000B300D /* WADemoCNMainUI.m in Sources */,
				7FA55E8E1D338EC300341D7A /* WADemoGroups.m in Sources */,
				7FC4E35A1C8EEF3F0075FC7D /* WADemoNaviView.m in Sources */,
				3651BAF61DFFE0D7002B955C /* WADemoEventParam.m in Sources */,
				7FC4E3481C8EEF3F0075FC7D /* WADemoFriendInGameTV.m in Sources */,
				7FC4E2BA1C8EEE7C0075FC7D /* main.m in Sources */,
				7FAF3DBE1D3CCBBD00CC9A48 /* WADemoVKGiftView.m in Sources */,
				7FA55E781D332BC400341D7A /* WADemoInvite.m in Sources */,
				3651BAF71DFFE0D7002B955C /* WADemoSendEventView.m in Sources */,
				7FC4E3491C8EEF3F0075FC7D /* WADemoFriendListForSendingAsking.m in Sources */,
				7FC4E3501C8EEF3F0075FC7D /* WADemoFBGiftView.m in Sources */,
				7FAF3DBB1D3CC67000CC9A48 /* WADemoGiftView.m in Sources */,
				7FC4E3461C8EEF3F0075FC7D /* WADemoProductList.m in Sources */,
				7FC4E3531C8EEF3F0075FC7D /* WADemoFBShareView.m in Sources */,
				7FC4E3381C8EEF3F0075FC7D /* WADemoAccountManagement.m in Sources */,
				7FC4E3571C8EEF3F0075FC7D /* WADemoButtonSwitch.m in Sources */,
				3651BAF41DFFE0D6002B955C /* WADemoAppTrackingView.m in Sources */,
				7FC4E34B1C8EEF3F0075FC7D /* WADemoGiftListTVC.m in Sources */,
				7FC4E34C1C8EEF3F0075FC7D /* WADemoGiftListView.m in Sources */,
				7FA55E7B1D33310E00341D7A /* WADemoVKInviteView.m in Sources */,
				7FA55E8B1D338C1000341D7A /* WADemoGroupCell.m in Sources */,
				7FA55E7E1D333F8800341D7A /* WADemoVKFriendList.m in Sources */,
				7FC4E3551C8EEF3F0075FC7D /* WADemoAlertView.m in Sources */,
				7FC4E3471C8EEF3F0075FC7D /* WADemoLoginUI.m in Sources */,
				7FC4E34E1C8EEF3F0075FC7D /* WADemoGiftRequestView.m in Sources */,
				7FC4E35C1C8EEF3F0075FC7D /* WADemoUtil.m in Sources */,
				36F6FBB31CD3092800EB0DBC /* WADemoPayView.m in Sources */,
				7FC4E3581C8EEF3F0075FC7D /* WADemoListTableView.m in Sources */,
				7FC4E35B1C8EEF3F0075FC7D /* WADemoScrollView.m in Sources */,
				7FC4E35F1C8EEF3F0075FC7D /* WADemoViewController.m in Sources */,
				7FC4E3591C8EEF3F0075FC7D /* WADemoMaskLayer.m in Sources */,
				7FC4E35D1C8EEF3F0075FC7D /* WADemoAppDelegate.m in Sources */,
				7FC4E3451C8EEF3F0075FC7D /* WADemoIapView.m in Sources */,
				7FC4E3521C8EEF3F0075FC7D /* WADemoFriendListTV.m in Sources */,
				7FC4E34D1C8EEF3F0075FC7D /* WADemoGiftBoxTV.m in Sources */,
				7FC4E33A1C8EEF3F0075FC7D /* WADemoBindingAccountList.m in Sources */,
				7FC4E3391C8EEF3F0075FC7D /* WADemoAccountSwitch.m in Sources */,
				7FC4E3511C8EEF3F0075FC7D /* WADemoFBInviteView.m in Sources */,
				7FC4E3441C8EEF3F0075FC7D /* WADemoHotUpdateView.m in Sources */,
				7FC4E34A1C8EEF3F0075FC7D /* WADemoGiftList.m in Sources */,
				7FC4E3561C8EEF3F0075FC7D /* WADemoButtonMain.m in Sources */,
				3651BAF51DFFE0D7002B955C /* WADemoEventData.m in Sources */,
			);
			runOnlyForDeploymentPostprocessing = 0;
		};
		7FC4E2CA1C8EEE7C0075FC7D /* Sources */ = {
			isa = PBXSourcesBuildPhase;
			buildActionMask = 2147483647;
			files = (
				7FC4E2D31C8EEE7C0075FC7D /* WADemocnUITests.m in Sources */,
			);
			runOnlyForDeploymentPostprocessing = 0;
		};
/* End PBXSourcesBuildPhase section */

/* Begin PBXTargetDependency section */
		7FC4E2D01C8EEE7C0075FC7D /* PBXTargetDependency */ = {
			isa = PBXTargetDependency;
			target = 7FC4E2B41C8EEE7C0075FC7D /* WADemocn */;
			targetProxy = 7FC4E2CF1C8EEE7C0075FC7D /* PBXContainerItemProxy */;
		};
/* End PBXTargetDependency section */

/* Begin PBXVariantGroup section */
		7FC4E2C11C8EEE7C0075FC7D /* Main.storyboard */ = {
			isa = PBXVariantGroup;
			children = (
				7FC4E2C21C8EEE7C0075FC7D /* Base */,
				7F558AAF1CB609A3001E1A2A /* fr */,
			);
			name = Main.storyboard;
			sourceTree = "<group>";
		};
		7FC4E2C61C8EEE7C0075FC7D /* LaunchScreen.storyboard */ = {
			isa = PBXVariantGroup;
			children = (
				7FC4E2C71C8EEE7C0075FC7D /* Base */,
				7F558AB01CB609A3001E1A2A /* fr */,
			);
			name = LaunchScreen.storyboard;
			sourceTree = "<group>";
		};
		7FC4E37A1C8EF0310075FC7D /* Localizable.strings */ = {
			isa = PBXVariantGroup;
			children = (
				7FC4E37B1C8EF0310075FC7D /* Base */,
				7FC4E37D1C8EF03C0075FC7D /* en */,
				7FC4E37E1C8EF0490075FC7D /* zh-Hans */,
				7F558AB11CB609A4001E1A2A /* fr */,
				36EF881E1CE2BF5700E7DF11 /* pt-BR */,
			);
			name = Localizable.strings;
			sourceTree = "<group>";
		};
/* End PBXVariantGroup section */

/* Begin XCBuildConfiguration section */
		7FC4E2D51C8EEE7C0075FC7D /* Debug */ = {
			isa = XCBuildConfiguration;
			buildSettings = {
				ALWAYS_SEARCH_USER_PATHS = NO;
				CLANG_CXX_LANGUAGE_STANDARD = "gnu++0x";
				CLANG_CXX_LIBRARY = "libc++";
				CLANG_ENABLE_MODULES = YES;
				CLANG_ENABLE_OBJC_ARC = YES;
				CLANG_WARN_BOOL_CONVERSION = YES;
				CLANG_WARN_CONSTANT_CONVERSION = YES;
				CLANG_WARN_DIRECT_OBJC_ISA_USAGE = YES_ERROR;
				CLANG_WARN_EMPTY_BODY = YES;
				CLANG_WARN_ENUM_CONVERSION = YES;
				CLANG_WARN_INT_CONVERSION = YES;
				CLANG_WARN_OBJC_ROOT_CLASS = YES_ERROR;
				CLANG_WARN_UNREACHABLE_CODE = YES;
				CLANG_WARN__DUPLICATE_METHOD_MATCH = YES;
				CODE_SIGN_IDENTITY = "iPhone Developer";
				"CODE_SIGN_IDENTITY[sdk=iphoneos*]" = "iPhone Distribution";
				COPY_PHASE_STRIP = NO;
				DEBUG_INFORMATION_FORMAT = dwarf;
				ENABLE_STRICT_OBJC_MSGSEND = YES;
				ENABLE_TESTABILITY = YES;
				GCC_C_LANGUAGE_STANDARD = gnu99;
				GCC_DYNAMIC_NO_PIC = NO;
				GCC_NO_COMMON_BLOCKS = YES;
				GCC_OPTIMIZATION_LEVEL = 0;
				GCC_PREPROCESSOR_DEFINITIONS = (
					"DEBUG=1",
					"$(inherited)",
				);
				GCC_WARN_64_TO_32_BIT_CONVERSION = YES;
				GCC_WARN_ABOUT_RETURN_TYPE = YES_ERROR;
				GCC_WARN_UNDECLARED_SELECTOR = YES;
				GCC_WARN_UNINITIALIZED_AUTOS = YES_AGGRESSIVE;
				GCC_WARN_UNUSED_FUNCTION = YES;
				GCC_WARN_UNUSED_VARIABLE = YES;
				IPHONEOS_DEPLOYMENT_TARGET = 9.1;
				MTL_ENABLE_DEBUG_INFO = YES;
				ONLY_ACTIVE_ARCH = YES;
				OTHER_LDFLAGS = "-ObjC";
				SDKROOT = iphoneos;
				TARGETED_DEVICE_FAMILY = "1,2";
			};
			name = Debug;
		};
		7FC4E2D61C8EEE7C0075FC7D /* Release */ = {
			isa = XCBuildConfiguration;
			buildSettings = {
				ALWAYS_SEARCH_USER_PATHS = NO;
				CLANG_CXX_LANGUAGE_STANDARD = "gnu++0x";
				CLANG_CXX_LIBRARY = "libc++";
				CLANG_ENABLE_MODULES = YES;
				CLANG_ENABLE_OBJC_ARC = YES;
				CLANG_WARN_BOOL_CONVERSION = YES;
				CLANG_WARN_CONSTANT_CONVERSION = YES;
				CLANG_WARN_DIRECT_OBJC_ISA_USAGE = YES_ERROR;
				CLANG_WARN_EMPTY_BODY = YES;
				CLANG_WARN_ENUM_CONVERSION = YES;
				CLANG_WARN_INT_CONVERSION = YES;
				CLANG_WARN_OBJC_ROOT_CLASS = YES_ERROR;
				CLANG_WARN_UNREACHABLE_CODE = YES;
				CLANG_WARN__DUPLICATE_METHOD_MATCH = YES;
				CODE_SIGN_IDENTITY = "iPhone Developer";
				"CODE_SIGN_IDENTITY[sdk=iphoneos*]" = "iPhone Distribution";
				COPY_PHASE_STRIP = NO;
				DEBUG_INFORMATION_FORMAT = "dwarf-with-dsym";
				ENABLE_NS_ASSERTIONS = NO;
				ENABLE_STRICT_OBJC_MSGSEND = YES;
				GCC_C_LANGUAGE_STANDARD = gnu99;
				GCC_NO_COMMON_BLOCKS = YES;
				GCC_WARN_64_TO_32_BIT_CONVERSION = YES;
				GCC_WARN_ABOUT_RETURN_TYPE = YES_ERROR;
				GCC_WARN_UNDECLARED_SELECTOR = YES;
				GCC_WARN_UNINITIALIZED_AUTOS = YES_AGGRESSIVE;
				GCC_WARN_UNUSED_FUNCTION = YES;
				GCC_WARN_UNUSED_VARIABLE = YES;
				IPHONEOS_DEPLOYMENT_TARGET = 9.1;
				MTL_ENABLE_DEBUG_INFO = NO;
				OTHER_LDFLAGS = "-ObjC";
				SDKROOT = iphoneos;
				TARGETED_DEVICE_FAMILY = "1,2";
				VALIDATE_PRODUCT = YES;
			};
			name = Release;
		};
		7FC4E2D81C8EEE7C0075FC7D /* Debug */ = {
			isa = XCBuildConfiguration;
			baseConfigurationReference = 3BEADB5D240273F5953F6CA8 /* Pods-WADemocn.debug.xcconfig */;
			buildSettings = {
				ASSETCATALOG_COMPILER_APPICON_NAME = AppIcon;
				CODE_SIGN_ENTITLEMENTS = WADemocn/WADemocn.entitlements;
				CODE_SIGN_IDENTITY = "iPhone Developer";
				"CODE_SIGN_IDENTITY[sdk=iphoneos*]" = "iPhone Developer";
				DEVELOPMENT_TEAM = Y8Z2D47ET4;
				ENABLE_BITCODE = NO;
				FRAMEWORK_SEARCH_PATHS = (
					"$(inherited)",
					"$(PROJECT_DIR)/wasdk/ap/frameworks",
					"$(PROJECT_DIR)/wasdk/wa/frameworks",
					"$(PROJECT_DIR)/wasdk/webpay/frameworks",
					"$(PROJECT_DIR)/wasdk/wechat/frameworks",
					"$(PROJECT_DIR)/wasdk",
				);
				INFOPLIST_FILE = WADemocn/Info.plist;
				IPHONEOS_DEPLOYMENT_TARGET = 8.0;
				LD_RUNPATH_SEARCH_PATHS = "$(inherited) @executable_path/Frameworks";
				LIBRARY_SEARCH_PATHS = (
					"$(inherited)",
					"$(PROJECT_DIR)/wasdk/wechat/frameworks",
				);
				MACH_O_TYPE = mh_execute;
				OTHER_LDFLAGS = "$(inherited)";
				PRODUCT_BUNDLE_IDENTIFIER = com.wing.sdkcn;
				PRODUCT_NAME = WADemocn;
				PROVISIONING_PROFILE = "";
			};
			name = Debug;
		};
		7FC4E2D91C8EEE7C0075FC7D /* Release */ = {
			isa = XCBuildConfiguration;
			baseConfigurationReference = 9D23F14C739EDC174EC32525 /* Pods-WADemocn.release.xcconfig */;
			buildSettings = {
				ASSETCATALOG_COMPILER_APPICON_NAME = AppIcon;
				CODE_SIGN_ENTITLEMENTS = WADemocn/WADemocn.entitlements;
				CODE_SIGN_IDENTITY = "iPhone Developer";
				"CODE_SIGN_IDENTITY[sdk=iphoneos*]" = "iPhone Developer";
				DEVELOPMENT_TEAM = Y8Z2D47ET4;
				ENABLE_BITCODE = NO;
				FRAMEWORK_SEARCH_PATHS = (
					"$(inherited)",
					"$(PROJECT_DIR)/wasdk/ap/frameworks",
					"$(PROJECT_DIR)/wasdk/wa/frameworks",
					"$(PROJECT_DIR)/wasdk/webpay/frameworks",
					"$(PROJECT_DIR)/wasdk/wechat/frameworks",
					"$(PROJECT_DIR)/wasdk",
				);
				INFOPLIST_FILE = WADemocn/Info.plist;
				IPHONEOS_DEPLOYMENT_TARGET = 8.0;
				LD_RUNPATH_SEARCH_PATHS = "$(inherited) @executable_path/Frameworks";
				LIBRARY_SEARCH_PATHS = (
					"$(inherited)",
					"$(PROJECT_DIR)/wasdk/wechat/frameworks",
				);
				MACH_O_TYPE = mh_execute;
				ONLY_ACTIVE_ARCH = YES;
				OTHER_LDFLAGS = "$(inherited)";
				PRODUCT_BUNDLE_IDENTIFIER = com.wing.sdkcn;
				PRODUCT_NAME = WADemocn;
				PROVISIONING_PROFILE = "";
			};
			name = Release;
		};
		7FC4E2DB1C8EEE7C0075FC7D /* Debug */ = {
			isa = XCBuildConfiguration;
			buildSettings = {
				INFOPLIST_FILE = WADemoUITests/Info.plist;
				LD_RUNPATH_SEARCH_PATHS = "$(inherited) @executable_path/Frameworks @loader_path/Frameworks";
				PRODUCT_BUNDLE_IDENTIFIER = com.gamehollywood.WADemoUITests;
				PRODUCT_NAME = WADemocn;
				TEST_TARGET_NAME = WADemo;
				USES_XCTRUNNER = YES;
			};
			name = Debug;
		};
		7FC4E2DC1C8EEE7C0075FC7D /* Release */ = {
			isa = XCBuildConfiguration;
			buildSettings = {
				INFOPLIST_FILE = WADemoUITests/Info.plist;
				LD_RUNPATH_SEARCH_PATHS = "$(inherited) @executable_path/Frameworks @loader_path/Frameworks";
				PRODUCT_BUNDLE_IDENTIFIER = com.gamehollywood.WADemoUITests;
				PRODUCT_NAME = WADemocn;
				TEST_TARGET_NAME = WADemo;
				USES_XCTRUNNER = YES;
			};
			name = Release;
		};
/* End XCBuildConfiguration section */

/* Begin XCConfigurationList section */
		7FC4E2B01C8EEE7C0075FC7D /* Build configuration list for PBXProject "WADemocn" */ = {
			isa = XCConfigurationList;
			buildConfigurations = (
				7FC4E2D51C8EEE7C0075FC7D /* Debug */,
				7FC4E2D61C8EEE7C0075FC7D /* Release */,
			);
			defaultConfigurationIsVisible = 0;
			defaultConfigurationName = Release;
		};
		7FC4E2D71C8EEE7C0075FC7D /* Build configuration list for PBXNativeTarget "WADemocn" */ = {
			isa = XCConfigurationList;
			buildConfigurations = (
				7FC4E2D81C8EEE7C0075FC7D /* Debug */,
				7FC4E2D91C8EEE7C0075FC7D /* Release */,
			);
			defaultConfigurationIsVisible = 0;
			defaultConfigurationName = Release;
		};
		7FC4E2DA1C8EEE7C0075FC7D /* Build configuration list for PBXNativeTarget "WADemocnUITests" */ = {
			isa = XCConfigurationList;
			buildConfigurations = (
				7FC4E2DB1C8EEE7C0075FC7D /* Debug */,
				7FC4E2DC1C8EEE7C0075FC7D /* Release */,
			);
			defaultConfigurationIsVisible = 0;
			defaultConfigurationName = Release;
		};
/* End XCConfigurationList section */
	};
	rootObject = 7FC4E2AD1C8EEE7C0075FC7D /* Project object */;
}
